
Microsoft Visual Studio Solution File, Format Version 12.00
# Visual Studio Version 16
VisualStudioVersion = 16.0.30011.22
MinimumVisualStudioVersion = 10.0.40219.1
Project("{FAE04EC0-301F-11D3-BF4B-00C04F79EFBC}") = "Common", "Common\Common.csproj", "{66B2620A-5305-4C8A-9676-855E3943A031}"
EndProject
Project("{FAE04EC0-301F-11D3-BF4B-00C04F79EFBC}") = "Demo", "Demo\Demo.csproj", "{8835F71F-E699-4DF2-8EB3-EA068085A083}"
EndProject
Global
	GlobalSection(SolutionConfigurationPlatforms) = preSolution
		Debug|Any CPU = Debug|Any CPU
		Release|Any CPU = Release|Any CPU
	EndGlobalSection
	GlobalSection(ProjectConfigurationPlatforms) = postSolution
		{66B2620A-5305-4C8A-9676-855E3943A031}.Debug|Any CPU.ActiveCfg = Debug|Any CPU
		{66B2620A-5305-4C8A-9676-855E3943A031}.Debug|Any CPU.Build.0 = Debug|Any CPU
		{66B2620A-5305-4C8A-9676-855E3943A031}.Release|Any CPU.ActiveCfg = Release|Any CPU
		{66B2620A-5305-4C8A-9676-855E3943A031}.Release|Any CPU.Build.0 = Release|Any CPU
		{8835F71F-E699-4DF2-8EB3-EA068085A083}.Debug|Any CPU.ActiveCfg = Debug|Any CPU
		{8835F71F-E699-4DF2-8EB3-EA068085A083}.Debug|Any CPU.Build.0 = Debug|Any CPU
		{8835F71F-E699-4DF2-8EB3-EA068085A083}.Release|Any CPU.ActiveCfg = Release|Any CPU
		{8835F71F-E699-4DF2-8EB3-EA068085A083}.Release|Any CPU.Build.0 = Release|Any CPU
	EndGlobalSection
	GlobalSection(SolutionProperties) = preSolution
		HideSolutionNode = FALSE
	EndGlobalSection
	GlobalSection(ExtensibilityGlobals) = postSolution
		SolutionGuid = {414D8C10-F0A4-4F63-ADDA-515880D1837A}
	EndGlobalSection
EndGlobal
